
Microsoft Visual Studio Solution File, Format Version 12.00
# Visual Studio Version 16
VisualStudioVersion = 16.0.31613.86
MinimumVisualStudioVersion = 10.0.40219.1
Project("{FAE04EC0-301F-11D3-BF4B-00C04F79EFBC}") = "CompGraph", "CompGraph2\CompGraph.csproj", "{EFFFDBE2-C6E0-46DF-9C73-BDA09D3B27F1}"
EndProject
Global
	GlobalSection(SolutionConfigurationPlatforms) = preSolution
		Debug|Any CPU = Debug|Any CPU
		Release|Any CPU = Release|Any CPU
	EndGlobalSection
	GlobalSection(ProjectConfigurationPlatforms) = postSolution
		{EFFFDBE2-C6E0-46DF-9C73-BDA09D3B27F1}.Debug|Any CPU.ActiveCfg = Debug|Any CPU
		{EFFFDBE2-C6E0-46DF-9C73-BDA09D3B27F1}.Debug|Any CPU.Build.0 = Debug|Any CPU
		{EFFFDBE2-C6E0-46DF-9C73-BDA09D3B27F1}.Release|Any CPU.ActiveCfg = Release|Any CPU
		{EFFFDBE2-C6E0-46DF-9C73-BDA09D3B27F1}.Release|Any CPU.Build.0 = Release|Any CPU
	EndGlobalSection
	GlobalSection(SolutionProperties) = preSolution
		HideSolutionNode = FALSE
	EndGlobalSection
	GlobalSection(ExtensibilityGlobals) = postSolution
		SolutionGuid = {3FE98C5D-A415-4760-8452-54C948E29AF4}
	EndGlobalSection
EndGlobal
